{
    "_readme": [
        "This file locks the dependencies of your project to a known state",
        "Read more about it at https://getcomposer.org/doc/01-basic-usage.md#composer-lock-the-lock-file",
        "This file is @generated automatically"
    ],
    "hash": "6d8a306310a33a1f2842675c06096eec",
    "content-hash": "eeda9a045815330a9cb8ca831c0f3b3c",
    "packages": [
        {
            "name": "vehsamrak/vehsa",
            "version": "1.8.0",
            "source": {
                "type": "git",
                "url": "https://github.com/Vehsamrak/Vehsa.git",
                "reference": "f1f580280b4a857e371956405900ec048e9ba89f"
            },
            "dist": {
                "type": "zip",
                "url": "https://api.github.com/repos/Vehsamrak/Vehsa/zipball/f1f580280b4a857e371956405900ec048e9ba89f",
                "reference": "f1f580280b4a857e371956405900ec048e9ba89f",
                "shasum": ""
            },
            "require": {
                "php": ">=7.0.0"
            },
            "type": "library",
            "autoload": {
                "classmap": [
                    "src/"
                ]
            },
            "notification-url": "https://packagist.org/downloads/",
            "license": [
                "GPL v3"
            ],
            "authors": [
                {
                    "name": "Petr Karmashev",
                    "email": "smonkl@bk.ru"
                }
            ],
            "description": "Simplest MVC Framework",
            "keywords": [
                "Simple",
                "framework",
                "mvc"
            ],
            "time": "2016-04-17 18:06:30"
        }
    ],
    "packages-dev": [],
    "aliases": [],
    "minimum-stability": "stable",
    "stability-flags": [],
    "prefer-stable": false,
    "prefer-lowest": false,
    "platform": [],
    "platform-dev": []
}
